// !$*UTF8*$!
{
	archiveVersion = 1;
	classes = {
	};
	objectVersion = 50;
	objects = {

/* Begin PBXBuildFile section */
		112DB129279F2ADC008FF0B3 /* AudioManager.swift in Sources */ = {isa = PBXBuildFile; fileRef = 112DB128279F2ADC008FF0B3 /* AudioManager.swift */; };
		3B58268B279A508F00D57D55 /* ImagesManager.swift in Sources */ = {isa = PBXBuildFile; fileRef = 3B58268A279A508F00D57D55 /* ImagesManager.swift */; };
		65D489E4278E551800880817 /* AppDelegate.swift in Sources */ = {isa = PBXBuildFile; fileRef = 65D489E3278E551800880817 /* AppDelegate.swift */; };
		65D489E6278E551800880817 /* SceneDelegate.swift in Sources */ = {isa = PBXBuildFile; fileRef = 65D489E5278E551800880817 /* SceneDelegate.swift */; };
		65D489E8278E551800880817 /* ViewController.swift in Sources */ = {isa = PBXBuildFile; fileRef = 65D489E7278E551800880817 /* ViewController.swift */; };
		65D489EB278E551800880817 /* Main.storyboard in Resources */ = {isa = PBXBuildFile; fileRef = 65D489E9278E551800880817 /* Main.storyboard */; };
		65D489ED278E551C00880817 /* Assets.xcassets in Resources */ = {isa = PBXBuildFile; fileRef = 65D489EC278E551C00880817 /* Assets.xcassets */; };
		65D489F0278E551C00880817 /* LaunchScreen.storyboard in Resources */ = {isa = PBXBuildFile; fileRef = 65D489EE278E551C00880817 /* LaunchScreen.storyboard */; };
		65D48A502798EF0D00880817 /* AddViewController.swift in Sources */ = {isa = PBXBuildFile; fileRef = 65D48A4F2798EF0D00880817 /* AddViewController.swift */; };
		65D48A56279A28E700880817 /* Task_Data.xcdatamodeld in Sources */ = {isa = PBXBuildFile; fileRef = 65D48A54279A28E700880817 /* Task_Data.xcdatamodeld */; };
		CF2EE1C3278E5F7E00A80185 /* Task.swift in Sources */ = {isa = PBXBuildFile; fileRef = CF2EE1C2278E5F7E00A80185 /* Task.swift */; };
		CF2EE1C5278E630700A80185 /* Category.swift in Sources */ = {isa = PBXBuildFile; fileRef = CF2EE1C4278E630700A80185 /* Category.swift */; };
		CF2EE1C8278E634200A80185 /* Status.swift in Sources */ = {isa = PBXBuildFile; fileRef = CF2EE1C7278E634200A80185 /* Status.swift */; };
		CF466BB62799995B00DA75D1 /* add_btn.png in Resources */ = {isa = PBXBuildFile; fileRef = CF466BB52799995B00DA75D1 /* add_btn.png */; };
		CF466BBA2799C77300DA75D1 /* TaskTableViewCell.swift in Sources */ = {isa = PBXBuildFile; fileRef = CF466BB92799C77300DA75D1 /* TaskTableViewCell.swift */; };
		CF466BBC2799F22800DA75D1 /* CategoryHelper.swift in Sources */ = {isa = PBXBuildFile; fileRef = CF466BBB2799F22800DA75D1 /* CategoryHelper.swift */; };
		CFAC699127A1C60300ED8883 /* ButtonExtension.swift in Sources */ = {isa = PBXBuildFile; fileRef = CFAC699027A1C60300ED8883 /* ButtonExtension.swift */; };
		CFAC699327A1E7A700ED8883 /* SubTaskTableViewCell.swift in Sources */ = {isa = PBXBuildFile; fileRef = CFAC699227A1E7A700ED8883 /* SubTaskTableViewCell.swift */; };
		CFAC699527A1EE7500ED8883 /* AlertHelper.swift in Sources */ = {isa = PBXBuildFile; fileRef = CFAC699427A1EE7500ED8883 /* AlertHelper.swift */; };
		CFBBC8D5279E316600D23CD7 /* ImageTableViewCell.swift in Sources */ = {isa = PBXBuildFile; fileRef = CFBBC8D4279E316600D23CD7 /* ImageTableViewCell.swift */; };
		CFBBC8D7279E3E1C00D23CD7 /* AudioTableViewCell.swift in Sources */ = {isa = PBXBuildFile; fileRef = CFBBC8D6279E3E1C00D23CD7 /* AudioTableViewCell.swift */; };
		CFE51726279A1E94006CD986 /* AnimationHelper.swift in Sources */ = {isa = PBXBuildFile; fileRef = CFE51725279A1E94006CD986 /* AnimationHelper.swift */; };
		CFE5172A279A3347006CD986 /* TaskManager.swift in Sources */ = {isa = PBXBuildFile; fileRef = CFE51729279A3347006CD986 /* TaskManager.swift */; };
/* End PBXBuildFile section */

/* Begin PBXFileReference section */
		112DB128279F2ADC008FF0B3 /* AudioManager.swift */ = {isa = PBXFileReference; lastKnownFileType = sourcecode.swift; path = AudioManager.swift; sourceTree = "<group>"; };
		3B58268A279A508F00D57D55 /* ImagesManager.swift */ = {isa = PBXFileReference; lastKnownFileType = sourcecode.swift; path = ImagesManager.swift; sourceTree = "<group>"; };
		65D489E0278E551800880817 /* task_Amigos_iOS.app */ = {isa = PBXFileReference; explicitFileType = wrapper.application; includeInIndex = 0; path = task_Amigos_iOS.app; sourceTree = BUILT_PRODUCTS_DIR; };
		65D489E3278E551800880817 /* AppDelegate.swift */ = {isa = PBXFileReference; lastKnownFileType = sourcecode.swift; path = AppDelegate.swift; sourceTree = "<group>"; };
		65D489E5278E551800880817 /* SceneDelegate.swift */ = {isa = PBXFileReference; lastKnownFileType = sourcecode.swift; path = SceneDelegate.swift; sourceTree = "<group>"; };
		65D489E7278E551800880817 /* ViewController.swift */ = {isa = PBXFileReference; lastKnownFileType = sourcecode.swift; path = ViewController.swift; sourceTree = "<group>"; };
		65D489EA278E551800880817 /* Base */ = {isa = PBXFileReference; lastKnownFileType = file.storyboard; name = Base; path = Base.lproj/Main.storyboard; sourceTree = "<group>"; };
		65D489EC278E551C00880817 /* Assets.xcassets */ = {isa = PBXFileReference; lastKnownFileType = folder.assetcatalog; path = Assets.xcassets; sourceTree = "<group>"; };
		65D489EF278E551C00880817 /* Base */ = {isa = PBXFileReference; lastKnownFileType = file.storyboard; name = Base; path = Base.lproj/LaunchScreen.storyboard; sourceTree = "<group>"; };
		65D489F1278E551C00880817 /* Info.plist */ = {isa = PBXFileReference; lastKnownFileType = text.plist.xml; path = Info.plist; sourceTree = "<group>"; };
		65D48A4F2798EF0D00880817 /* AddViewController.swift */ = {isa = PBXFileReference; lastKnownFileType = sourcecode.swift; path = AddViewController.swift; sourceTree = "<group>"; };
		65D48A55279A28E700880817 /* Task_Data.xcdatamodel */ = {isa = PBXFileReference; lastKnownFileType = wrapper.xcdatamodel; path = Task_Data.xcdatamodel; sourceTree = "<group>"; };
		CF2EE1C2278E5F7E00A80185 /* Task.swift */ = {isa = PBXFileReference; lastKnownFileType = sourcecode.swift; path = Task.swift; sourceTree = "<group>"; };
		CF2EE1C4278E630700A80185 /* Category.swift */ = {isa = PBXFileReference; lastKnownFileType = sourcecode.swift; path = Category.swift; sourceTree = "<group>"; };
		CF2EE1C7278E634200A80185 /* Status.swift */ = {isa = PBXFileReference; lastKnownFileType = sourcecode.swift; path = Status.swift; sourceTree = "<group>"; };
		CF466BB52799995B00DA75D1 /* add_btn.png */ = {isa = PBXFileReference; lastKnownFileType = image.png; path = add_btn.png; sourceTree = "<group>"; };
		CF466BB92799C77300DA75D1 /* TaskTableViewCell.swift */ = {isa = PBXFileReference; lastKnownFileType = sourcecode.swift; path = TaskTableViewCell.swift; sourceTree = "<group>"; };
		CF466BBB2799F22800DA75D1 /* CategoryHelper.swift */ = {isa = PBXFileReference; lastKnownFileType = sourcecode.swift; path = CategoryHelper.swift; sourceTree = "<group>"; };
		CFAC699027A1C60300ED8883 /* ButtonExtension.swift */ = {isa = PBXFileReference; lastKnownFileType = sourcecode.swift; path = ButtonExtension.swift; sourceTree = "<group>"; };
		CFAC699227A1E7A700ED8883 /* SubTaskTableViewCell.swift */ = {isa = PBXFileReference; lastKnownFileType = sourcecode.swift; path = SubTaskTableViewCell.swift; sourceTree = "<group>"; };
		CFAC699427A1EE7500ED8883 /* AlertHelper.swift */ = {isa = PBXFileReference; lastKnownFileType = sourcecode.swift; path = AlertHelper.swift; sourceTree = "<group>"; };
		CFBBC8D4279E316600D23CD7 /* ImageTableViewCell.swift */ = {isa = PBXFileReference; lastKnownFileType = sourcecode.swift; path = ImageTableViewCell.swift; sourceTree = "<group>"; };
		CFBBC8D6279E3E1C00D23CD7 /* AudioTableViewCell.swift */ = {isa = PBXFileReference; lastKnownFileType = sourcecode.swift; path = AudioTableViewCell.swift; sourceTree = "<group>"; };
		CFE51725279A1E94006CD986 /* AnimationHelper.swift */ = {isa = PBXFileReference; lastKnownFileType = sourcecode.swift; path = AnimationHelper.swift; sourceTree = "<group>"; };
		CFE51729279A3347006CD986 /* TaskManager.swift */ = {isa = PBXFileReference; lastKnownFileType = sourcecode.swift; path = TaskManager.swift; sourceTree = "<group>"; };
/* End PBXFileReference section */

/* Begin PBXFrameworksBuildPhase section */
		65D489DD278E551800880817 /* Frameworks */ = {
			isa = PBXFrameworksBuildPhase;
			buildActionMask = 2147483647;
			files = (
			);
			runOnlyForDeploymentPostprocessing = 0;
		};
/* End PBXFrameworksBuildPhase section */

/* Begin PBXGroup section */
		65D489D7278E551800880817 = {
			isa = PBXGroup;
			children = (
				65D489E2278E551800880817 /* task_Amigos_iOS */,
				65D489E1278E551800880817 /* Products */,
			);
			sourceTree = "<group>";
		};
		65D489E1278E551800880817 /* Products */ = {
			isa = PBXGroup;
			children = (
				65D489E0278E551800880817 /* task_Amigos_iOS.app */,
			);
			name = Products;
			sourceTree = "<group>";
		};
		65D489E2278E551800880817 /* task_Amigos_iOS */ = {
			isa = PBXGroup;
			children = (
				CFAC698F27A1C5EC00ED8883 /* Extensions */,
				CFAC698B27A0E4CB00ED8883 /* Core */,
				CF466BC12799F87D00DA75D1 /* Helpers */,
				CF466BC02799F87200DA75D1 /* Models */,
				CF466BBE2799F85600DA75D1 /* Views */,
				CF466BBD2799F84400DA75D1 /* Controllers */,
				CF466BB42799993100DA75D1 /* Images */,
				65D489E3278E551800880817 /* AppDelegate.swift */,
				65D489E5278E551800880817 /* SceneDelegate.swift */,
				65D489EC278E551C00880817 /* Assets.xcassets */,
				65D489F1278E551C00880817 /* Info.plist */,
			);
			path = task_Amigos_iOS;
			sourceTree = "<group>";
		};
		CF466BB42799993100DA75D1 /* Images */ = {
			isa = PBXGroup;
			children = (
				CF466BB52799995B00DA75D1 /* add_btn.png */,
			);
			path = Images;
			sourceTree = "<group>";
		};
		CF466BBD2799F84400DA75D1 /* Controllers */ = {
			isa = PBXGroup;
			children = (
				65D48A4F2798EF0D00880817 /* AddViewController.swift */,
				65D489E7278E551800880817 /* ViewController.swift */,
			);
			path = Controllers;
			sourceTree = "<group>";
		};
		CF466BBE2799F85600DA75D1 /* Views */ = {
			isa = PBXGroup;
			children = (
				65D489EE278E551C00880817 /* LaunchScreen.storyboard */,
				65D489E9278E551800880817 /* Main.storyboard */,
				CF466BB92799C77300DA75D1 /* TaskTableViewCell.swift */,
				CFBBC8D4279E316600D23CD7 /* ImageTableViewCell.swift */,
				CFBBC8D6279E3E1C00D23CD7 /* AudioTableViewCell.swift */,
				CFAC699227A1E7A700ED8883 /* SubTaskTableViewCell.swift */,
			);
			path = Views;
			sourceTree = "<group>";
		};
		CF466BC02799F87200DA75D1 /* Models */ = {
			isa = PBXGroup;
			children = (
				65D48A54279A28E700880817 /* Task_Data.xcdatamodeld */,
				CF2EE1C2278E5F7E00A80185 /* Task.swift */,
				CF2EE1C4278E630700A80185 /* Category.swift */,
				CF2EE1C7278E634200A80185 /* Status.swift */,
				3B58268A279A508F00D57D55 /* ImagesManager.swift */,
				112DB128279F2ADC008FF0B3 /* AudioManager.swift */,
			);
			path = Models;
			sourceTree = "<group>";
		};
		CF466BC12799F87D00DA75D1 /* Helpers */ = {
			isa = PBXGroup;
			children = (
				CF466BBB2799F22800DA75D1 /* CategoryHelper.swift */,
				CFE51725279A1E94006CD986 /* AnimationHelper.swift */,
				CFAC699427A1EE7500ED8883 /* AlertHelper.swift */,
			);
			path = Helpers;
			sourceTree = "<group>";
		};
		CFAC698B27A0E4CB00ED8883 /* Core */ = {
			isa = PBXGroup;
			children = (
				CFE51729279A3347006CD986 /* TaskManager.swift */,
			);
			path = Core;
			sourceTree = "<group>";
		};
		CFAC698F27A1C5EC00ED8883 /* Extensions */ = {
			isa = PBXGroup;
			children = (
				CFAC699027A1C60300ED8883 /* ButtonExtension.swift */,
			);
			path = Extensions;
			sourceTree = "<group>";
		};
/* End PBXGroup section */

/* Begin PBXNativeTarget section */
		65D489DF278E551800880817 /* task_Amigos_iOS */ = {
			isa = PBXNativeTarget;
			buildConfigurationList = 65D489F4278E551C00880817 /* Build configuration list for PBXNativeTarget "task_Amigos_iOS" */;
			buildPhases = (
				65D489DC278E551800880817 /* Sources */,
				65D489DD278E551800880817 /* Frameworks */,
				65D489DE278E551800880817 /* Resources */,
			);
			buildRules = (
			);
			dependencies = (
			);
			name = task_Amigos_iOS;
			productName = task_Amigos_iOS;
			productReference = 65D489E0278E551800880817 /* task_Amigos_iOS.app */;
			productType = "com.apple.product-type.application";
		};
/* End PBXNativeTarget section */

/* Begin PBXProject section */
		65D489D8278E551800880817 /* Project object */ = {
			isa = PBXProject;
			attributes = {
				LastSwiftUpdateCheck = 1250;
				LastUpgradeCheck = 1250;
				TargetAttributes = {
					65D489DF278E551800880817 = {
						CreatedOnToolsVersion = 12.5.1;
					};
				};
			};
			buildConfigurationList = 65D489DB278E551800880817 /* Build configuration list for PBXProject "task_Amigos_iOS" */;
			compatibilityVersion = "Xcode 9.3";
			developmentRegion = en;
			hasScannedForEncodings = 0;
			knownRegions = (
				en,
				Base,
			);
			mainGroup = 65D489D7278E551800880817;
			productRefGroup = 65D489E1278E551800880817 /* Products */;
			projectDirPath = "";
			projectRoot = "";
			targets = (
				65D489DF278E551800880817 /* task_Amigos_iOS */,
			);
		};
/* End PBXProject section */

/* Begin PBXResourcesBuildPhase section */
		65D489DE278E551800880817 /* Resources */ = {
			isa = PBXResourcesBuildPhase;
			buildActionMask = 2147483647;
			files = (
				65D489F0278E551C00880817 /* LaunchScreen.storyboard in Resources */,
				65D489ED278E551C00880817 /* Assets.xcassets in Resources */,
				CF466BB62799995B00DA75D1 /* add_btn.png in Resources */,
				65D489EB278E551800880817 /* Main.storyboard in Resources */,
			);
			runOnlyForDeploymentPostprocessing = 0;
		};
/* End PBXResourcesBuildPhase section */

/* Begin PBXSourcesBuildPhase section */
		65D489DC278E551800880817 /* Sources */ = {
			isa = PBXSourcesBuildPhase;
			buildActionMask = 2147483647;
			files = (
				CF466BBC2799F22800DA75D1 /* CategoryHelper.swift in Sources */,
				CF466BBA2799C77300DA75D1 /* TaskTableViewCell.swift in Sources */,
				CFE51726279A1E94006CD986 /* AnimationHelper.swift in Sources */,
				CFE5172A279A3347006CD986 /* TaskManager.swift in Sources */,
				CF2EE1C3278E5F7E00A80185 /* Task.swift in Sources */,
				CFBBC8D7279E3E1C00D23CD7 /* AudioTableViewCell.swift in Sources */,
				CFAC699527A1EE7500ED8883 /* AlertHelper.swift in Sources */,
				65D48A502798EF0D00880817 /* AddViewController.swift in Sources */,
				3B58268B279A508F00D57D55 /* ImagesManager.swift in Sources */,
				CF2EE1C5278E630700A80185 /* Category.swift in Sources */,
				CFAC699127A1C60300ED8883 /* ButtonExtension.swift in Sources */,
				65D489E8278E551800880817 /* ViewController.swift in Sources */,
				112DB129279F2ADC008FF0B3 /* AudioManager.swift in Sources */,
				65D489E4278E551800880817 /* AppDelegate.swift in Sources */,
				CFBBC8D5279E316600D23CD7 /* ImageTableViewCell.swift in Sources */,
				65D489E6278E551800880817 /* SceneDelegate.swift in Sources */,
				CFAC699327A1E7A700ED8883 /* SubTaskTableViewCell.swift in Sources */,
				65D48A56279A28E700880817 /* Task_Data.xcdatamodeld in Sources */,
				CF2EE1C8278E634200A80185 /* Status.swift in Sources */,
			);
			runOnlyForDeploymentPostprocessing = 0;
		};
/* End PBXSourcesBuildPhase section */

/* Begin PBXVariantGroup section */
		65D489E9278E551800880817 /* Main.storyboard */ = {
			isa = PBXVariantGroup;
			children = (
				65D489EA278E551800880817 /* Base */,
			);
			name = Main.storyboard;
			sourceTree = "<group>";
		};
		65D489EE278E551C00880817 /* LaunchScreen.storyboard */ = {
			isa = PBXVariantGroup;
			children = (
				65D489EF278E551C00880817 /* Base */,
			);
			name = LaunchScreen.storyboard;
			sourceTree = "<group>";
		};
/* End PBXVariantGroup section */

/* Begin XCBuildConfiguration section */
		65D489F2278E551C00880817 /* Debug */ = {
			isa = XCBuildConfiguration;
			buildSettings = {
				ALWAYS_SEARCH_USER_PATHS = NO;
				CLANG_ANALYZER_NONNULL = YES;
				CLANG_ANALYZER_NUMBER_OBJECT_CONVERSION = YES_AGGRESSIVE;
				CLANG_CXX_LANGUAGE_STANDARD = "gnu++14";
				CLANG_CXX_LIBRARY = "libc++";
				CLANG_ENABLE_MODULES = YES;
				CLANG_ENABLE_OBJC_ARC = YES;
				CLANG_ENABLE_OBJC_WEAK = YES;
				CLANG_WARN_BLOCK_CAPTURE_AUTORELEASING = YES;
				CLANG_WARN_BOOL_CONVERSION = YES;
				CLANG_WARN_COMMA = YES;
				CLANG_WARN_CONSTANT_CONVERSION = YES;
				CLANG_WARN_DEPRECATED_OBJC_IMPLEMENTATIONS = YES;
				CLANG_WARN_DIRECT_OBJC_ISA_USAGE = YES_ERROR;
				CLANG_WARN_DOCUMENTATION_COMMENTS = YES;
				CLANG_WARN_EMPTY_BODY = YES;
				CLANG_WARN_ENUM_CONVERSION = YES;
				CLANG_WARN_INFINITE_RECURSION = YES;
				CLANG_WARN_INT_CONVERSION = YES;
				CLANG_WARN_NON_LITERAL_NULL_CONVERSION = YES;
				CLANG_WARN_OBJC_IMPLICIT_RETAIN_SELF = YES;
				CLANG_WARN_OBJC_LITERAL_CONVERSION = YES;
				CLANG_WARN_OBJC_ROOT_CLASS = YES_ERROR;
				CLANG_WARN_QUOTED_INCLUDE_IN_FRAMEWORK_HEADER = YES;
				CLANG_WARN_RANGE_LOOP_ANALYSIS = YES;
				CLANG_WARN_STRICT_PROTOTYPES = YES;
				CLANG_WARN_SUSPICIOUS_MOVE = YES;
				CLANG_WARN_UNGUARDED_AVAILABILITY = YES_AGGRESSIVE;
				CLANG_WARN_UNREACHABLE_CODE = YES;
				CLANG_WARN__DUPLICATE_METHOD_MATCH = YES;
				COPY_PHASE_STRIP = NO;
				DEBUG_INFORMATION_FORMAT = dwarf;
				ENABLE_STRICT_OBJC_MSGSEND = YES;
				ENABLE_TESTABILITY = YES;
				GCC_C_LANGUAGE_STANDARD = gnu11;
				GCC_DYNAMIC_NO_PIC = NO;
				GCC_NO_COMMON_BLOCKS = YES;
				GCC_OPTIMIZATION_LEVEL = 0;
				GCC_PREPROCESSOR_DEFINITIONS = (
					"DEBUG=1",
					"$(inherited)",
				);
				GCC_WARN_64_TO_32_BIT_CONVERSION = YES;
				GCC_WARN_ABOUT_RETURN_TYPE = YES_ERROR;
				GCC_WARN_UNDECLARED_SELECTOR = YES;
				GCC_WARN_UNINITIALIZED_AUTOS = YES_AGGRESSIVE;
				GCC_WARN_UNUSED_FUNCTION = YES;
				GCC_WARN_UNUSED_VARIABLE = YES;
				IPHONEOS_DEPLOYMENT_TARGET = 14.5;
				MTL_ENABLE_DEBUG_INFO = INCLUDE_SOURCE;
				MTL_FAST_MATH = YES;
				ONLY_ACTIVE_ARCH = YES;
				SDKROOT = iphoneos;
				SWIFT_ACTIVE_COMPILATION_CONDITIONS = DEBUG;
				SWIFT_OPTIMIZATION_LEVEL = "-Onone";
			};
			name = Debug;
		};
		65D489F3278E551C00880817 /* Release */ = {
			isa = XCBuildConfiguration;
			buildSettings = {
				ALWAYS_SEARCH_USER_PATHS = NO;
				CLANG_ANALYZER_NONNULL = YES;
				CLANG_ANALYZER_NUMBER_OBJECT_CONVERSION = YES_AGGRESSIVE;
				CLANG_CXX_LANGUAGE_STANDARD = "gnu++14";
				CLANG_CXX_LIBRARY = "libc++";
				CLANG_ENABLE_MODULES = YES;
				CLANG_ENABLE_OBJC_ARC = YES;
				CLANG_ENABLE_OBJC_WEAK = YES;
				CLANG_WARN_BLOCK_CAPTURE_AUTORELEASING = YES;
				CLANG_WARN_BOOL_CONVERSION = YES;
				CLANG_WARN_COMMA = YES;
				CLANG_WARN_CONSTANT_CONVERSION = YES;
				CLANG_WARN_DEPRECATED_OBJC_IMPLEMENTATIONS = YES;
				CLANG_WARN_DIRECT_OBJC_ISA_USAGE = YES_ERROR;
				CLANG_WARN_DOCUMENTATION_COMMENTS = YES;
				CLANG_WARN_EMPTY_BODY = YES;
				CLANG_WARN_ENUM_CONVERSION = YES;
				CLANG_WARN_INFINITE_RECURSION = YES;
				CLANG_WARN_INT_CONVERSION = YES;
				CLANG_WARN_NON_LITERAL_NULL_CONVERSION = YES;
				CLANG_WARN_OBJC_IMPLICIT_RETAIN_SELF = YES;
				CLANG_WARN_OBJC_LITERAL_CONVERSION = YES;
				CLANG_WARN_OBJC_ROOT_CLASS = YES_ERROR;
				CLANG_WARN_QUOTED_INCLUDE_IN_FRAMEWORK_HEADER = YES;
				CLANG_WARN_RANGE_LOOP_ANALYSIS = YES;
				CLANG_WARN_STRICT_PROTOTYPES = YES;
				CLANG_WARN_SUSPICIOUS_MOVE = YES;
				CLANG_WARN_UNGUARDED_AVAILABILITY = YES_AGGRESSIVE;
				CLANG_WARN_UNREACHABLE_CODE = YES;
				CLANG_WARN__DUPLICATE_METHOD_MATCH = YES;
				COPY_PHASE_STRIP = NO;
				DEBUG_INFORMATION_FORMAT = "dwarf-with-dsym";
				ENABLE_NS_ASSERTIONS = NO;
				ENABLE_STRICT_OBJC_MSGSEND = YES;
				GCC_C_LANGUAGE_STANDARD = gnu11;
				GCC_NO_COMMON_BLOCKS = YES;
				GCC_WARN_64_TO_32_BIT_CONVERSION = YES;
				GCC_WARN_ABOUT_RETURN_TYPE = YES_ERROR;
				GCC_WARN_UNDECLARED_SELECTOR = YES;
				GCC_WARN_UNINITIALIZED_AUTOS = YES_AGGRESSIVE;
				GCC_WARN_UNUSED_FUNCTION = YES;
				GCC_WARN_UNUSED_VARIABLE = YES;
				IPHONEOS_DEPLOYMENT_TARGET = 14.5;
				MTL_ENABLE_DEBUG_INFO = NO;
				MTL_FAST_MATH = YES;
				SDKROOT = iphoneos;
				SWIFT_COMPILATION_MODE = wholemodule;
				SWIFT_OPTIMIZATION_LEVEL = "-O";
				VALIDATE_PRODUCT = YES;
			};
			name = Release;
		};
		65D489F5278E551C00880817 /* Debug */ = {
			isa = XCBuildConfiguration;
			buildSettings = {
				ASSETCATALOG_COMPILER_APPICON_NAME = AppIcon;
				ASSETCATALOG_COMPILER_GLOBAL_ACCENT_COLOR_NAME = AccentColor;
				CODE_SIGN_STYLE = Automatic;
				INFOPLIST_FILE = task_Amigos_iOS/Info.plist;
				LD_RUNPATH_SEARCH_PATHS = (
					"$(inherited)",
					"@executable_path/Frameworks",
				);
				PRODUCT_BUNDLE_IDENTIFIER = "Amigos.task-Amigos-iOS";
				PRODUCT_NAME = "$(TARGET_NAME)";
				SWIFT_VERSION = 5.0;
				TARGETED_DEVICE_FAMILY = "1,2";
			};
			name = Debug;
		};
		65D489F6278E551C00880817 /* Release */ = {
			isa = XCBuildConfiguration;
			buildSettings = {
				ASSETCATALOG_COMPILER_APPICON_NAME = AppIcon;
				ASSETCATALOG_COMPILER_GLOBAL_ACCENT_COLOR_NAME = AccentColor;
				CODE_SIGN_STYLE = Automatic;
				INFOPLIST_FILE = task_Amigos_iOS/Info.plist;
				LD_RUNPATH_SEARCH_PATHS = (
					"$(inherited)",
					"@executable_path/Frameworks",
				);
				PRODUCT_BUNDLE_IDENTIFIER = "Amigos.task-Amigos-iOS";
				PRODUCT_NAME = "$(TARGET_NAME)";
				SWIFT_VERSION = 5.0;
				TARGETED_DEVICE_FAMILY = "1,2";
			};
			name = Release;
		};
/* End XCBuildConfiguration section */

/* Begin XCConfigurationList section */
		65D489DB278E551800880817 /* Build configuration list for PBXProject "task_Amigos_iOS" */ = {
			isa = XCConfigurationList;
			buildConfigurations = (
				65D489F2278E551C00880817 /* Debug */,
				65D489F3278E551C00880817 /* Release */,
			);
			defaultConfigurationIsVisible = 0;
			defaultConfigurationName = Release;
		};
		65D489F4278E551C00880817 /* Build configuration list for PBXNativeTarget "task_Amigos_iOS" */ = {
			isa = XCConfigurationList;
			buildConfigurations = (
				65D489F5278E551C00880817 /* Debug */,
				65D489F6278E551C00880817 /* Release */,
			);
			defaultConfigurationIsVisible = 0;
			defaultConfigurationName = Release;
		};
/* End XCConfigurationList section */

/* Begin XCVersionGroup section */
		65D48A54279A28E700880817 /* Task_Data.xcdatamodeld */ = {
			isa = XCVersionGroup;
			children = (
				65D48A55279A28E700880817 /* Task_Data.xcdatamodel */,
			);
			currentVersion = 65D48A55279A28E700880817 /* Task_Data.xcdatamodel */;
			path = Task_Data.xcdatamodeld;
			sourceTree = "<group>";
			versionGroupType = wrapper.xcdatamodel;
		};
/* End XCVersionGroup section */
	};
	rootObject = 65D489D8278E551800880817 /* Project object */;
}
